
Microsoft Visual Studio Solution File, Format Version 12.00
# Visual Studio Version 16
VisualStudioVersion = 16.0.32602.291
MinimumVisualStudioVersion = 10.0.40219.1
Project("{9A19103F-16F7-4668-BE54-9A1E7A4F7556}") = "MyNewFunda", "MyNewFunda.csproj", "{8EB9AD7F-4168-4DA5-ADEC-C353B9538F12}"
EndProject
Global
	GlobalSection(SolutionConfigurationPlatforms) = preSolution
		Debug|Any CPU = Debug|Any CPU
		Release|Any CPU = Release|Any CPU
	EndGlobalSection
	GlobalSection(ProjectConfigurationPlatforms) = postSolution
		{8EB9AD7F-4168-4DA5-ADEC-C353B9538F12}.Debug|Any CPU.ActiveCfg = Debug|Any CPU
		{8EB9AD7F-4168-4DA5-ADEC-C353B9538F12}.Debug|Any CPU.Build.0 = Debug|Any CPU
		{8EB9AD7F-4168-4DA5-ADEC-C353B9538F12}.Release|Any CPU.ActiveCfg = Release|Any CPU
		{8EB9AD7F-4168-4DA5-ADEC-C353B9538F12}.Release|Any CPU.Build.0 = Release|Any CPU
	EndGlobalSection
	GlobalSection(SolutionProperties) = preSolution
		HideSolutionNode = FALSE
	EndGlobalSection
	GlobalSection(ExtensibilityGlobals) = postSolution
		SolutionGuid = {4CE92A5B-445D-47AD-B556-700412033EA3}
	EndGlobalSection
EndGlobal
